
Microsoft Visual Studio Solution File, Format Version 12.00
# Visual Studio Version 17
VisualStudioVersion = 17.0.31717.71
MinimumVisualStudioVersion = 10.0.40219.1
Project("{9A19103F-16F7-4668-BE54-9A1E7A4F7556}") = "WordCounter", "WordCounter\WordCounter.csproj", "{D8BC97E1-19EC-4632-8A03-1A7CDA409F71}"
EndProject
Project("{FAE04EC0-301F-11D3-BF4B-00C04F79EFBC}") = "WordCounterTest", "WordCounterTest\WordCounterTest.csproj", "{529D847C-8784-412C-91EF-768F6D39A8AA}"
EndProject
Global
	GlobalSection(SolutionConfigurationPlatforms) = preSolution
		Debug|Any CPU = Debug|Any CPU
		Release|Any CPU = Release|Any CPU
	EndGlobalSection
	GlobalSection(ProjectConfigurationPlatforms) = postSolution
		{D8BC97E1-19EC-4632-8A03-1A7CDA409F71}.Debug|Any CPU.ActiveCfg = Debug|Any CPU
		{D8BC97E1-19EC-4632-8A03-1A7CDA409F71}.Debug|Any CPU.Build.0 = Debug|Any CPU
		{D8BC97E1-19EC-4632-8A03-1A7CDA409F71}.Release|Any CPU.ActiveCfg = Release|Any CPU
		{D8BC97E1-19EC-4632-8A03-1A7CDA409F71}.Release|Any CPU.Build.0 = Release|Any CPU
		{529D847C-8784-412C-91EF-768F6D39A8AA}.Debug|Any CPU.ActiveCfg = Debug|Any CPU
		{529D847C-8784-412C-91EF-768F6D39A8AA}.Debug|Any CPU.Build.0 = Debug|Any CPU
		{529D847C-8784-412C-91EF-768F6D39A8AA}.Release|Any CPU.ActiveCfg = Release|Any CPU
		{529D847C-8784-412C-91EF-768F6D39A8AA}.Release|Any CPU.Build.0 = Release|Any CPU
	EndGlobalSection
	GlobalSection(SolutionProperties) = preSolution
		HideSolutionNode = FALSE
	EndGlobalSection
	GlobalSection(ExtensibilityGlobals) = postSolution
		SolutionGuid = {24E3C10C-2F70-4B35-BB9A-51294BE43B1C}
	EndGlobalSection
EndGlobal
